<?xml version="1.0" encoding="utf-8"?>
<Project ToolsVersion="4.0" xmlns="http://schemas.microsoft.com/developer/msbuild/2003">
  <ItemGroup>
    <Filter Include="Source Files">
      <UniqueIdentifier>{4FC737F1-C7A5-4376-A066-2A32D752A2FF}</UniqueIdentifier>
      <Extensions>cpp;c;cc;cxx;def;odl;idl;hpj;bat;asm;asmx</Extensions>
    </Filter>
    <Filter Include="Header Files">
      <UniqueIdentifier>{93995380-89BD-4b04-88EB-625FBE52EBFB}</UniqueIdentifier>
      <Extensions>h;hh;hpp;hxx;hm;inl;inc;xsd</Extensions>
    </Filter>
    <Filter Include="Resource Files">
      <UniqueIdentifier>{67DA6AB6-F800-4c08-8B7A-83BB121AAD01}</UniqueIdentifier>
      <Extensions>rc;ico;cur;bmp;dlg;rc2;rct;bin;rgs;gif;jpg;jpeg;jpe;resx;tiff;tif;png;wav;mfcribbon-ms</Extensions>
    </Filter>
    <Filter Include="Source Files\Physics">
      <UniqueIdentifier>{1d29ef1b-e138-4230-8dfb-3149d0db2a05}</UniqueIdentifier>
    </Filter>
    <Filter Include="Source Files\Core">
      <UniqueIdentifier>{7bb2e6b0-38b1-4017-b5a4-1cb59202a3ab}</UniqueIdentifier>
    </Filter>
    <Filter Include="Source Files\Rendering">
      <UniqueIdentifier>{c811dd66-7af0-4e25-ba8e-3e3bb237ae0a}</UniqueIdentifier>
    </Filter>
  </ItemGroup>
  <ItemGroup>
    <ClCompile Include="Main.cpp">
      <Filter>Source Files</Filter>
    </ClCompile>
    <ClCompile Include="GVector.cpp">
      <Filter>Source Files</Filter>
    </ClCompile>
    <ClCompile Include="GObject.cpp">
      <Filter>Source Files</Filter>
    </ClCompile>
    <ClCompile Include="Camera.cpp">
      <Filter>Source Files\Rendering</Filter>
    </ClCompile>
    <ClCompile Include="Drawing.cpp">
      <Filter>Source Files\Rendering</Filter>
    </ClCompile>
    <ClCompile Include="HeightMap.cpp">
      <Filter>Source Files\Rendering</Filter>
    </ClCompile>
    <ClCompile Include="Mesh.cpp">
      <Filter>Source Files\Rendering</Filter>
    </ClCompile>
    <ClCompile Include="ParticleSystem.cpp">
      <Filter>Source Files\Rendering</Filter>
    </ClCompile>
    <ClCompile Include="RenderingEngine.cpp">
      <Filter>Source Files\Rendering</Filter>
    </ClCompile>
    <ClCompile Include="PhysicsObject.cpp">
      <Filter>Source Files\Physics</Filter>
    </ClCompile>
    <ClCompile Include="PhysicsEngine.cpp">
      <Filter>Source Files\Physics</Filter>
    </ClCompile>
    <ClCompile Include="RenderedObject.cpp">
      <Filter>Source Files\Rendering</Filter>
    </ClCompile>
    <ClCompile Include="ResourceManager.cpp">
      <Filter>Source Files\Core</Filter>
    </ClCompile>
    <ClCompile Include="ParticleEmitter.cpp">
      <Filter>Source Files\Rendering</Filter>
    </ClCompile>
    <ClCompile Include="SphereParticleEmitter.cpp">
      <Filter>Source Files\Rendering</Filter>
    </ClCompile>
    <ClCompile Include="BoxParticleEmitter.cpp">
      <Filter>Source Files\Rendering</Filter>
    </ClCompile>
    <ClCompile Include="GMath.cpp">
      <Filter>Source Files</Filter>
    </ClCompile>
    <ClCompile Include="GShader.cpp">
      <Filter>Source Files\Rendering</Filter>
    </ClCompile>
    <ClCompile Include="PlayerPlane.cpp">
      <Filter>Source Files</Filter>
    </ClCompile>
  </ItemGroup>
  <ItemGroup>
    <ClInclude Include="GVector.h">
      <Filter>Source Files</Filter>
    </ClInclude>
    <ClInclude Include="Definitions.h">
      <Filter>Source Files</Filter>
    </ClInclude>
    <ClInclude Include="Camera.h">
      <Filter>Source Files\Rendering</Filter>
    </ClInclude>
    <ClInclude Include="Drawing.h">
      <Filter>Source Files\Rendering</Filter>
    </ClInclude>
    <ClInclude Include="HeightMap.h">
      <Filter>Source Files\Rendering</Filter>
    </ClInclude>
    <ClInclude Include="Mesh.h">
      <Filter>Source Files\Rendering</Filter>
    </ClInclude>
    <ClInclude Include="ParticleSystem.h">
      <Filter>Source Files\Rendering</Filter>
    </ClInclude>
    <ClInclude Include="RenderingEngine.h">
      <Filter>Source Files\Rendering</Filter>
    </ClInclude>
    <ClInclude Include="PhysicsObject.h">
      <Filter>Source Files\Physics</Filter>
    </ClInclude>
    <ClInclude Include="RenderedObject.h">
      <Filter>Source Files\Rendering</Filter>
    </ClInclude>
    <ClInclude Include="GObject.h">
      <Filter>Source Files</Filter>
    </ClInclude>
    <ClInclude Include="PhysicsEngine.h">
      <Filter>Source Files\Physics</Filter>
    </ClInclude>
    <ClInclude Include="ResourceManager.h">
      <Filter>Source Files\Core</Filter>
    </ClInclude>
    <ClInclude Include="ParticleEmitter.h">
      <Filter>Source Files\Rendering</Filter>
    </ClInclude>
    <ClInclude Include="SphereParticleEmitter.h">
      <Filter>Source Files\Rendering</Filter>
    </ClInclude>
    <ClInclude Include="BoxParticleEmitter.h">
      <Filter>Source Files\Rendering</Filter>
    </ClInclude>
    <ClInclude Include="GMath.h">
      <Filter>Source Files</Filter>
    </ClInclude>
    <ClInclude Include="GShader.h">
      <Filter>Source Files\Rendering</Filter>
    </ClInclude>
    <ClInclude Include="PlayerPlane.h">
      <Filter>Source Files</Filter>
    </ClInclude>
  </ItemGroup>
</Project>